
Microsoft Visual Studio Solution File, Format Version 12.00
# Visual Studio Version 17
VisualStudioVersion = 17.8.34322.80
MinimumVisualStudioVersion = 10.0.40219.1
Project("{FAE04EC0-301F-11D3-BF4B-00C04F79EFBC}") = "NetworkMessage.Mobile", "NetworkMessage.Mobile\NetworkMessage.Mobile.csproj", "{F814955C-EF92-447A-BC77-8BF50816E7CF}"
EndProject
Global
	GlobalSection(SolutionConfigurationPlatforms) = preSolution
		Debug|Any CPU = Debug|Any CPU
		Release|Any CPU = Release|Any CPU
	EndGlobalSection
	GlobalSection(ProjectConfigurationPlatforms) = postSolution
		{F814955C-EF92-447A-BC77-8BF50816E7CF}.Debug|Any CPU.ActiveCfg = Debug|Any CPU
		{F814955C-EF92-447A-BC77-8BF50816E7CF}.Debug|Any CPU.Build.0 = Debug|Any CPU
		{F814955C-EF92-447A-BC77-8BF50816E7CF}.Release|Any CPU.ActiveCfg = Release|Any CPU
		{F814955C-EF92-447A-BC77-8BF50816E7CF}.Release|Any CPU.Build.0 = Release|Any CPU
	EndGlobalSection
	GlobalSection(SolutionProperties) = preSolution
		HideSolutionNode = FALSE
	EndGlobalSection
	GlobalSection(ExtensibilityGlobals) = postSolution
		SolutionGuid = {BF1DFA93-D265-4D4A-8F62-78BF278EFCBE}
	EndGlobalSection
EndGlobal
